connectrpc.com/connect v1.20.0 h1:6TNDAB+WeNd2uolWNlYczB5E0KNNaVMNUEx8JEUsPmQ=
connectrpc.com/connect v1.20.0/go.mod h1:A2ygJrukXwWy32vkCAAHNVguZrqZ+jeZ9rGRnGR4dN4=
github.com/google/go-cmp v0.7.0 h1:wk8382ETsv4JYUZwIsn6YpYiWiBsYLSJiTsyBybVuN8=
github.com/google/go-cmp v0.7.0/go.mod h1:pXiqmnSA92OHEEa9HXL2W4E7lf9JzCmGVUdgjX3N/iU=
github.com/tetratelabs/wazero v1.12.0 h1:DuWcpNu/FzgEXgGBDp8J1Spc+CWOvvtvVyjKlaZopYU=
github.com/tetratelabs/wazero v1.12.0/go.mod h1:LvKtzl2RqO4gyF27BiXU+nKAjcV8f38U+kP/q2vgxh0=
github.com/ttab/elephant-api v0.26.1-0.20261005062249-176708e8a89d h1:hNUxdmnxdWovd0YGX3O76O9IGKEBAA1MPUL7jPxw3aw=
github.com/ttab/elephant-api v0.26.1-0.20261005062249-176708e8a89d/go.mod h1:YkGnpNerKrO/PVSczTtSin9NNvXUK/Ou6DIlgkvI5FA=
github.com/ttab/goyjs v0.1.1 h1:ZVZ6GVHJCBGXEZPiAaxTPOfSQrF6PhBRwrhn5hIt3/I=
github.com/ttab/goyjs v0.1.1/go.mod h1:VMkhn7EtD38AFpX9J1zn9Df30LoXIQ7RAS0VRbklXqw=
github.com/ttab/newsdoc v1.1.0 h1:sFmWByaIrjOiLKrgQ3isqINibAn91KxmWWP2DOwguZ8=
github.com/ttab/newsdoc v1.1.0/go.mod h1:ccjzZc4rhelSUzIlqA7Og2g5LfnSmz9IblndQtnKvh8=
golang.org/x/sys v0.44.0 h1:ildZl3J4uzeKP07r2F++Op7E9B29JRUy+a27EibtBTQ=
golang.org/x/sys v0.44.0/go.mod h1:4GL1E5IUh+htKOUEOaiffhrAeqysfVGipDYzABqnCmw=
google.golang.org/protobuf v1.36.12 h1:pJOKDDOyeXErUroCihFAd5LQuwXBSpVnKGrj5o/fwxc=
google.golang.org/protobuf v1.36.12/go.mod h1:HTf+CrKn2C3g5S8VImy6tdcUvCska2kB7j23XfzDpco=
